
Microsoft Visual Studio Solution File, Format Version 12.00
# Visual Studio Version 16
VisualStudioVersion = 16.0.31129.286
MinimumVisualStudioVersion = 10.0.40219.1
Project("{FAE04EC0-301F-11D3-BF4B-00C04F79EFBC}") = "SchoolWebAppusingMVC", "SchoolWebAppusingMVC\SchoolWebAppusingMVC.csproj", "{00A17212-AACB-4CA9-BB40-FA03FD88D5A1}"
EndProject
Project("{FAE04EC0-301F-11D3-BF4B-00C04F79EFBC}") = "DataLayer", "DataLayer\DataLayer.csproj", "{2BBB19F3-5971-4FA7-857C-40BD4B3B34AF}"
EndProject
Project("{FAE04EC0-301F-11D3-BF4B-00C04F79EFBC}") = "Models", "Models\Models.csproj", "{1CD30B87-9DAA-43EC-830A-63F4568DD3EB}"
EndProject
Global
	GlobalSection(SolutionConfigurationPlatforms) = preSolution
		Debug|Any CPU = Debug|Any CPU
		Release|Any CPU = Release|Any CPU
	EndGlobalSection
	GlobalSection(ProjectConfigurationPlatforms) = postSolution
		{00A17212-AACB-4CA9-BB40-FA03FD88D5A1}.Debug|Any CPU.ActiveCfg = Debug|Any CPU
		{00A17212-AACB-4CA9-BB40-FA03FD88D5A1}.Debug|Any CPU.Build.0 = Debug|Any CPU
		{00A17212-AACB-4CA9-BB40-FA03FD88D5A1}.Release|Any CPU.ActiveCfg = Release|Any CPU
		{00A17212-AACB-4CA9-BB40-FA03FD88D5A1}.Release|Any CPU.Build.0 = Release|Any CPU
		{2BBB19F3-5971-4FA7-857C-40BD4B3B34AF}.Debug|Any CPU.ActiveCfg = Debug|Any CPU
		{2BBB19F3-5971-4FA7-857C-40BD4B3B34AF}.Debug|Any CPU.Build.0 = Debug|Any CPU
		{2BBB19F3-5971-4FA7-857C-40BD4B3B34AF}.Release|Any CPU.ActiveCfg = Release|Any CPU
		{2BBB19F3-5971-4FA7-857C-40BD4B3B34AF}.Release|Any CPU.Build.0 = Release|Any CPU
		{1CD30B87-9DAA-43EC-830A-63F4568DD3EB}.Debug|Any CPU.ActiveCfg = Debug|Any CPU
		{1CD30B87-9DAA-43EC-830A-63F4568DD3EB}.Debug|Any CPU.Build.0 = Debug|Any CPU
		{1CD30B87-9DAA-43EC-830A-63F4568DD3EB}.Release|Any CPU.ActiveCfg = Release|Any CPU
		{1CD30B87-9DAA-43EC-830A-63F4568DD3EB}.Release|Any CPU.Build.0 = Release|Any CPU
	EndGlobalSection
	GlobalSection(SolutionProperties) = preSolution
		HideSolutionNode = FALSE
	EndGlobalSection
	GlobalSection(ExtensibilityGlobals) = postSolution
		SolutionGuid = {DF536F3C-D92D-483A-8A15-68EB3B777104}
	EndGlobalSection
EndGlobal
